
Microsoft Visual Studio Solution File, Format Version 12.00
# Visual Studio Version 17
VisualStudioVersion = 17.5.33516.290
MinimumVisualStudioVersion = 10.0.40219.1
Project("{9A19103F-16F7-4668-BE54-9A1E7A4F7556}") = "Lab1", "Lab1\Lab1.csproj", "{DBCCA7ED-6C58-4DF7-85E9-B50D67DEC7A4}"
EndProject
Project("{9A19103F-16F7-4668-BE54-9A1E7A4F7556}") = "Lab2", "Lab2\Lab2.csproj", "{9CC0AD76-E9AE-4B55-B9C7-2C59DECD7289}"
EndProject
Project("{9A19103F-16F7-4668-BE54-9A1E7A4F7556}") = "Lab3", "Lab3\Lab3.csproj", "{A514A6B2-9CA0-4D76-BA00-0CFE4CA466EE}"
EndProject
Project("{FAE04EC0-301F-11D3-BF4B-00C04F79EFBC}") = "Lab5", "Lab5\Lab5.csproj", "{6E99AB2E-7A6A-43B3-8C43-B2A3D9A6FA97}"
Project("{9A19103F-16F7-4668-BE54-9A1E7A4F7556}") = "Lab4", "Lab4\Lab4.csproj", "{D4CB2100-1DAA-4F13-B8EE-1C20BE7239FD}"
EndProject
Global
	GlobalSection(SolutionConfigurationPlatforms) = preSolution
		Debug|Any CPU = Debug|Any CPU
		Release|Any CPU = Release|Any CPU
	EndGlobalSection
	GlobalSection(ProjectConfigurationPlatforms) = postSolution
		{DBCCA7ED-6C58-4DF7-85E9-B50D67DEC7A4}.Debug|Any CPU.ActiveCfg = Debug|Any CPU
		{DBCCA7ED-6C58-4DF7-85E9-B50D67DEC7A4}.Debug|Any CPU.Build.0 = Debug|Any CPU
		{DBCCA7ED-6C58-4DF7-85E9-B50D67DEC7A4}.Release|Any CPU.ActiveCfg = Release|Any CPU
		{DBCCA7ED-6C58-4DF7-85E9-B50D67DEC7A4}.Release|Any CPU.Build.0 = Release|Any CPU
		{9CC0AD76-E9AE-4B55-B9C7-2C59DECD7289}.Debug|Any CPU.ActiveCfg = Debug|Any CPU
		{9CC0AD76-E9AE-4B55-B9C7-2C59DECD7289}.Debug|Any CPU.Build.0 = Debug|Any CPU
		{9CC0AD76-E9AE-4B55-B9C7-2C59DECD7289}.Release|Any CPU.ActiveCfg = Release|Any CPU
		{9CC0AD76-E9AE-4B55-B9C7-2C59DECD7289}.Release|Any CPU.Build.0 = Release|Any CPU
		{A514A6B2-9CA0-4D76-BA00-0CFE4CA466EE}.Debug|Any CPU.ActiveCfg = Debug|Any CPU
		{A514A6B2-9CA0-4D76-BA00-0CFE4CA466EE}.Debug|Any CPU.Build.0 = Debug|Any CPU
		{A514A6B2-9CA0-4D76-BA00-0CFE4CA466EE}.Release|Any CPU.ActiveCfg = Release|Any CPU
		{A514A6B2-9CA0-4D76-BA00-0CFE4CA466EE}.Release|Any CPU.Build.0 = Release|Any CPU
		{6E99AB2E-7A6A-43B3-8C43-B2A3D9A6FA97}.Debug|Any CPU.ActiveCfg = Debug|Any CPU
		{6E99AB2E-7A6A-43B3-8C43-B2A3D9A6FA97}.Debug|Any CPU.Build.0 = Debug|Any CPU
		{6E99AB2E-7A6A-43B3-8C43-B2A3D9A6FA97}.Release|Any CPU.ActiveCfg = Release|Any CPU
		{6E99AB2E-7A6A-43B3-8C43-B2A3D9A6FA97}.Release|Any CPU.Build.0 = Release|Any CPU
		{D4CB2100-1DAA-4F13-B8EE-1C20BE7239FD}.Debug|Any CPU.ActiveCfg = Debug|Any CPU
		{D4CB2100-1DAA-4F13-B8EE-1C20BE7239FD}.Debug|Any CPU.Build.0 = Debug|Any CPU
		{D4CB2100-1DAA-4F13-B8EE-1C20BE7239FD}.Release|Any CPU.ActiveCfg = Release|Any CPU
		{D4CB2100-1DAA-4F13-B8EE-1C20BE7239FD}.Release|Any CPU.Build.0 = Release|Any CPU
	EndGlobalSection
	GlobalSection(SolutionProperties) = preSolution
		HideSolutionNode = FALSE
	EndGlobalSection
	GlobalSection(ExtensibilityGlobals) = postSolution
		SolutionGuid = {03B288A2-BB0D-426A-8D0B-582C5D8CD1A2}
	EndGlobalSection
EndGlobal
